
Microsoft Visual Studio Solution File, Format Version 12.00
# Visual Studio Version 17
VisualStudioVersion = 17.8.34525.116
MinimumVisualStudioVersion = 10.0.40219.1
Project("{FAE04EC0-301F-11D3-BF4B-00C04F79EFBC}") = "BlogRepositoryPattern.WebApi", "BlogRepositoryPattern.WebApi\BlogRepositoryPattern.WebApi.csproj", "{C9E8A9BC-5715-4842-A974-1E3250AE2A15}"
EndProject
Global
	GlobalSection(SolutionConfigurationPlatforms) = preSolution
		Debug|Any CPU = Debug|Any CPU
		Release|Any CPU = Release|Any CPU
	EndGlobalSection
	GlobalSection(ProjectConfigurationPlatforms) = postSolution
		{C9E8A9BC-5715-4842-A974-1E3250AE2A15}.Debug|Any CPU.ActiveCfg = Debug|Any CPU
		{C9E8A9BC-5715-4842-A974-1E3250AE2A15}.Debug|Any CPU.Build.0 = Debug|Any CPU
		{C9E8A9BC-5715-4842-A974-1E3250AE2A15}.Release|Any CPU.ActiveCfg = Release|Any CPU
		{C9E8A9BC-5715-4842-A974-1E3250AE2A15}.Release|Any CPU.Build.0 = Release|Any CPU
	EndGlobalSection
	GlobalSection(SolutionProperties) = preSolution
		HideSolutionNode = FALSE
	EndGlobalSection
	GlobalSection(ExtensibilityGlobals) = postSolution
		SolutionGuid = {13988E6A-76BF-42F5-9123-AE1D2E79CB70}
	EndGlobalSection
EndGlobal
